
Microsoft Visual Studio Solution File, Format Version 12.00
# Visual Studio Version 16
VisualStudioVersion = 16.0.31624.102
MinimumVisualStudioVersion = 10.0.40219.1
Project("{9A19103F-16F7-4668-BE54-9A1E7A4F7556}") = "UdemyNLayerProject.API", "UdemyNLayerProject.API\UdemyNLayerProject.API.csproj", "{DBB57C54-99F1-4D27-83A7-30D7EC5A2C21}"
EndProject
Project("{9A19103F-16F7-4668-BE54-9A1E7A4F7556}") = "UdemyNLayerProject.Core", "UdemyNLayerProject.Core\UdemyNLayerProject.Core.csproj", "{1636FB89-D6A7-42CB-964E-D315B267515B}"
EndProject
Project("{9A19103F-16F7-4668-BE54-9A1E7A4F7556}") = "UdemyNLayerProject.Data", "UdemyNLayerProject.Data\UdemyNLayerProject.Data.csproj", "{07441B6E-B6EA-46AB-90D7-6ECA4D897597}"
EndProject
Project("{9A19103F-16F7-4668-BE54-9A1E7A4F7556}") = "UdemyNLayerProject.Service", "UdemyNLayerProject.Service\UdemyNLayerProject.Service.csproj", "{B28D005B-07EB-4B1C-8C6E-A0D94E384519}"
EndProject
Project("{FAE04EC0-301F-11D3-BF4B-00C04F79EFBC}") = "UdemyNLayerProject.Web", "UdemyNLayerProject.Web\UdemyNLayerProject.Web.csproj", "{5A6FCA3C-0327-446A-9E98-E789D61044FF}"
EndProject
Global
	GlobalSection(SolutionConfigurationPlatforms) = preSolution
		Debug|Any CPU = Debug|Any CPU
		Release|Any CPU = Release|Any CPU
	EndGlobalSection
	GlobalSection(ProjectConfigurationPlatforms) = postSolution
		{DBB57C54-99F1-4D27-83A7-30D7EC5A2C21}.Debug|Any CPU.ActiveCfg = Debug|Any CPU
		{DBB57C54-99F1-4D27-83A7-30D7EC5A2C21}.Debug|Any CPU.Build.0 = Debug|Any CPU
		{DBB57C54-99F1-4D27-83A7-30D7EC5A2C21}.Release|Any CPU.ActiveCfg = Release|Any CPU
		{DBB57C54-99F1-4D27-83A7-30D7EC5A2C21}.Release|Any CPU.Build.0 = Release|Any CPU
		{1636FB89-D6A7-42CB-964E-D315B267515B}.Debug|Any CPU.ActiveCfg = Debug|Any CPU
		{1636FB89-D6A7-42CB-964E-D315B267515B}.Debug|Any CPU.Build.0 = Debug|Any CPU
		{1636FB89-D6A7-42CB-964E-D315B267515B}.Release|Any CPU.ActiveCfg = Release|Any CPU
		{1636FB89-D6A7-42CB-964E-D315B267515B}.Release|Any CPU.Build.0 = Release|Any CPU
		{07441B6E-B6EA-46AB-90D7-6ECA4D897597}.Debug|Any CPU.ActiveCfg = Debug|Any CPU
		{07441B6E-B6EA-46AB-90D7-6ECA4D897597}.Debug|Any CPU.Build.0 = Debug|Any CPU
		{07441B6E-B6EA-46AB-90D7-6ECA4D897597}.Release|Any CPU.ActiveCfg = Release|Any CPU
		{07441B6E-B6EA-46AB-90D7-6ECA4D897597}.Release|Any CPU.Build.0 = Release|Any CPU
		{B28D005B-07EB-4B1C-8C6E-A0D94E384519}.Debug|Any CPU.ActiveCfg = Debug|Any CPU
		{B28D005B-07EB-4B1C-8C6E-A0D94E384519}.Debug|Any CPU.Build.0 = Debug|Any CPU
		{B28D005B-07EB-4B1C-8C6E-A0D94E384519}.Release|Any CPU.ActiveCfg = Release|Any CPU
		{B28D005B-07EB-4B1C-8C6E-A0D94E384519}.Release|Any CPU.Build.0 = Release|Any CPU
		{5A6FCA3C-0327-446A-9E98-E789D61044FF}.Debug|Any CPU.ActiveCfg = Debug|Any CPU
		{5A6FCA3C-0327-446A-9E98-E789D61044FF}.Debug|Any CPU.Build.0 = Debug|Any CPU
		{5A6FCA3C-0327-446A-9E98-E789D61044FF}.Release|Any CPU.ActiveCfg = Release|Any CPU
		{5A6FCA3C-0327-446A-9E98-E789D61044FF}.Release|Any CPU.Build.0 = Release|Any CPU
	EndGlobalSection
	GlobalSection(SolutionProperties) = preSolution
		HideSolutionNode = FALSE
	EndGlobalSection
	GlobalSection(ExtensibilityGlobals) = postSolution
		SolutionGuid = {66227731-D723-4CAB-8DA7-902B0BEC2B8D}
	EndGlobalSection
EndGlobal
